// !$*UTF8*$!
{
	archiveVersion = 1;
	classes = {
	};
	objectVersion = 50;
	objects = {

/* Begin PBXBuildFile section */
		861B67D5277C552F00D82AA0 /* AppDelegate.swift in Sources */ = {isa = PBXBuildFile; fileRef = 861B67D4277C552F00D82AA0 /* AppDelegate.swift */; };
		861B67D7277C552F00D82AA0 /* SceneDelegate.swift in Sources */ = {isa = PBXBuildFile; fileRef = 861B67D6277C552F00D82AA0 /* SceneDelegate.swift */; };
		861B67D9277C552F00D82AA0 /* ViewController.swift in Sources */ = {isa = PBXBuildFile; fileRef = 861B67D8277C552F00D82AA0 /* ViewController.swift */; };
		861B67DC277C552F00D82AA0 /* Main.storyboard in Resources */ = {isa = PBXBuildFile; fileRef = 861B67DA277C552F00D82AA0 /* Main.storyboard */; };
		861B67DE277C553000D82AA0 /* Assets.xcassets in Resources */ = {isa = PBXBuildFile; fileRef = 861B67DD277C553000D82AA0 /* Assets.xcassets */; };
		861B67E1277C553000D82AA0 /* LaunchScreen.storyboard in Resources */ = {isa = PBXBuildFile; fileRef = 861B67DF277C553000D82AA0 /* LaunchScreen.storyboard */; };
		861B67ED277C58E500D82AA0 /* TableViewController.swift in Sources */ = {isa = PBXBuildFile; fileRef = 861B67EC277C58E500D82AA0 /* TableViewController.swift */; };
		865E0269277C5C6E00F271EF /* TableViewCell.swift in Sources */ = {isa = PBXBuildFile; fileRef = 865E0268277C5C6E00F271EF /* TableViewCell.swift */; };
/* End PBXBuildFile section */

/* Begin PBXFileReference section */
		861B67D1277C552F00D82AA0 /* Contact App.app */ = {isa = PBXFileReference; explicitFileType = wrapper.application; includeInIndex = 0; path = "Contact App.app"; sourceTree = BUILT_PRODUCTS_DIR; };
		861B67D4277C552F00D82AA0 /* AppDelegate.swift */ = {isa = PBXFileReference; lastKnownFileType = sourcecode.swift; path = AppDelegate.swift; sourceTree = "<group>"; };
		861B67D6277C552F00D82AA0 /* SceneDelegate.swift */ = {isa = PBXFileReference; lastKnownFileType = sourcecode.swift; path = SceneDelegate.swift; sourceTree = "<group>"; };
		861B67D8277C552F00D82AA0 /* ViewController.swift */ = {isa = PBXFileReference; lastKnownFileType = sourcecode.swift; path = ViewController.swift; sourceTree = "<group>"; };
		861B67DB277C552F00D82AA0 /* Base */ = {isa = PBXFileReference; lastKnownFileType = file.storyboard; name = Base; path = Base.lproj/Main.storyboard; sourceTree = "<group>"; };
		861B67DD277C553000D82AA0 /* Assets.xcassets */ = {isa = PBXFileReference; lastKnownFileType = folder.assetcatalog; path = Assets.xcassets; sourceTree = "<group>"; };
		861B67E0277C553000D82AA0 /* Base */ = {isa = PBXFileReference; lastKnownFileType = file.storyboard; name = Base; path = Base.lproj/LaunchScreen.storyboard; sourceTree = "<group>"; };
		861B67E2277C553000D82AA0 /* Info.plist */ = {isa = PBXFileReference; lastKnownFileType = text.plist.xml; path = Info.plist; sourceTree = "<group>"; };
		861B67EC277C58E500D82AA0 /* TableViewController.swift */ = {isa = PBXFileReference; lastKnownFileType = sourcecode.swift; path = TableViewController.swift; sourceTree = "<group>"; };
		865E0268277C5C6E00F271EF /* TableViewCell.swift */ = {isa = PBXFileReference; lastKnownFileType = sourcecode.swift; path = TableViewCell.swift; sourceTree = "<group>"; };
/* End PBXFileReference section */

/* Begin PBXFrameworksBuildPhase section */
		861B67CE277C552F00D82AA0 /* Frameworks */ = {
			isa = PBXFrameworksBuildPhase;
			buildActionMask = 2147483647;
			files = (
			);
			runOnlyForDeploymentPostprocessing = 0;
		};
/* End PBXFrameworksBuildPhase section */

/* Begin PBXGroup section */
		861B67C8277C552F00D82AA0 = {
			isa = PBXGroup;
			children = (
				861B67D3277C552F00D82AA0 /* Contact App */,
				861B67D2277C552F00D82AA0 /* Products */,
			);
			sourceTree = "<group>";
		};
		861B67D2277C552F00D82AA0 /* Products */ = {
			isa = PBXGroup;
			children = (
				861B67D1277C552F00D82AA0 /* Contact App.app */,
			);
			name = Products;
			sourceTree = "<group>";
		};
		861B67D3277C552F00D82AA0 /* Contact App */ = {
			isa = PBXGroup;
			children = (
				861B67EB277C556700D82AA0 /* supporting files */,
				861B67EA277C555700D82AA0 /* controller */,
				861B67E9277C554F00D82AA0 /* view */,
				861B67E8277C554600D82AA0 /* Model */,
			);
			path = "Contact App";
			sourceTree = "<group>";
		};
		861B67E8277C554600D82AA0 /* Model */ = {
			isa = PBXGroup;
			children = (
			);
			path = Model;
			sourceTree = "<group>";
		};
		861B67E9277C554F00D82AA0 /* view */ = {
			isa = PBXGroup;
			children = (
				861B67DA277C552F00D82AA0 /* Main.storyboard */,
				861B67DD277C553000D82AA0 /* Assets.xcassets */,
				861B67DF277C553000D82AA0 /* LaunchScreen.storyboard */,
			);
			path = view;
			sourceTree = "<group>";
		};
		861B67EA277C555700D82AA0 /* controller */ = {
			isa = PBXGroup;
			children = (
				861B67D4277C552F00D82AA0 /* AppDelegate.swift */,
				861B67D6277C552F00D82AA0 /* SceneDelegate.swift */,
				861B67D8277C552F00D82AA0 /* ViewController.swift */,
				865E0268277C5C6E00F271EF /* TableViewCell.swift */,
				861B67EC277C58E500D82AA0 /* TableViewController.swift */,
			);
			path = controller;
			sourceTree = "<group>";
		};
		861B67EB277C556700D82AA0 /* supporting files */ = {
			isa = PBXGroup;
			children = (
				861B67E2277C553000D82AA0 /* Info.plist */,
			);
			path = "supporting files";
			sourceTree = "<group>";
		};
/* End PBXGroup section */

/* Begin PBXNativeTarget section */
		861B67D0277C552F00D82AA0 /* Contact App */ = {
			isa = PBXNativeTarget;
			buildConfigurationList = 861B67E5277C553000D82AA0 /* Build configuration list for PBXNativeTarget "Contact App" */;
			buildPhases = (
				861B67CD277C552F00D82AA0 /* Sources */,
				861B67CE277C552F00D82AA0 /* Frameworks */,
				861B67CF277C552F00D82AA0 /* Resources */,
			);
			buildRules = (
			);
			dependencies = (
			);
			name = "Contact App";
			productName = "Contact App";
			productReference = 861B67D1277C552F00D82AA0 /* Contact App.app */;
			productType = "com.apple.product-type.application";
		};
/* End PBXNativeTarget section */

/* Begin PBXProject section */
		861B67C9277C552F00D82AA0 /* Project object */ = {
			isa = PBXProject;
			attributes = {
				LastSwiftUpdateCheck = 1170;
				LastUpgradeCheck = 1170;
				ORGANIZATIONNAME = vjec;
				TargetAttributes = {
					861B67D0277C552F00D82AA0 = {
						CreatedOnToolsVersion = 11.7;
					};
				};
			};
			buildConfigurationList = 861B67CC277C552F00D82AA0 /* Build configuration list for PBXProject "Contact App" */;
			compatibilityVersion = "Xcode 9.3";
			developmentRegion = en;
			hasScannedForEncodings = 0;
			knownRegions = (
				en,
				Base,
			);
			mainGroup = 861B67C8277C552F00D82AA0;
			productRefGroup = 861B67D2277C552F00D82AA0 /* Products */;
			projectDirPath = "";
			projectRoot = "";
			targets = (
				861B67D0277C552F00D82AA0 /* Contact App */,
			);
		};
/* End PBXProject section */

/* Begin PBXResourcesBuildPhase section */
		861B67CF277C552F00D82AA0 /* Resources */ = {
			isa = PBXResourcesBuildPhase;
			buildActionMask = 2147483647;
			files = (
				861B67E1277C553000D82AA0 /* LaunchScreen.storyboard in Resources */,
				861B67DE277C553000D82AA0 /* Assets.xcassets in Resources */,
				861B67DC277C552F00D82AA0 /* Main.storyboard in Resources */,
			);
			runOnlyForDeploymentPostprocessing = 0;
		};
/* End PBXResourcesBuildPhase section */

/* Begin PBXSourcesBuildPhase section */
		861B67CD277C552F00D82AA0 /* Sources */ = {
			isa = PBXSourcesBuildPhase;
			buildActionMask = 2147483647;
			files = (
				865E0269277C5C6E00F271EF /* TableViewCell.swift in Sources */,
				861B67D9277C552F00D82AA0 /* ViewController.swift in Sources */,
				861B67D5277C552F00D82AA0 /* AppDelegate.swift in Sources */,
				861B67D7277C552F00D82AA0 /* SceneDelegate.swift in Sources */,
				861B67ED277C58E500D82AA0 /* TableViewController.swift in Sources */,
			);
			runOnlyForDeploymentPostprocessing = 0;
		};
/* End PBXSourcesBuildPhase section */

/* Begin PBXVariantGroup section */
		861B67DA277C552F00D82AA0 /* Main.storyboard */ = {
			isa = PBXVariantGroup;
			children = (
				861B67DB277C552F00D82AA0 /* Base */,
			);
			name = Main.storyboard;
			sourceTree = "<group>";
		};
		861B67DF277C553000D82AA0 /* LaunchScreen.storyboard */ = {
			isa = PBXVariantGroup;
			children = (
				861B67E0277C553000D82AA0 /* Base */,
			);
			name = LaunchScreen.storyboard;
			sourceTree = "<group>";
		};
/* End PBXVariantGroup section */

/* Begin XCBuildConfiguration section */
		861B67E3277C553000D82AA0 /* Debug */ = {
			isa = XCBuildConfiguration;
			buildSettings = {
				ALWAYS_SEARCH_USER_PATHS = NO;
				CLANG_ANALYZER_NONNULL = YES;
				CLANG_ANALYZER_NUMBER_OBJECT_CONVERSION = YES_AGGRESSIVE;
				CLANG_CXX_LANGUAGE_STANDARD = "gnu++14";
				CLANG_CXX_LIBRARY = "libc++";
				CLANG_ENABLE_MODULES = YES;
				CLANG_ENABLE_OBJC_ARC = YES;
				CLANG_ENABLE_OBJC_WEAK = YES;
				CLANG_WARN_BLOCK_CAPTURE_AUTORELEASING = YES;
				CLANG_WARN_BOOL_CONVERSION = YES;
				CLANG_WARN_COMMA = YES;
				CLANG_WARN_CONSTANT_CONVERSION = YES;
				CLANG_WARN_DEPRECATED_OBJC_IMPLEMENTATIONS = YES;
				CLANG_WARN_DIRECT_OBJC_ISA_USAGE = YES_ERROR;
				CLANG_WARN_DOCUMENTATION_COMMENTS = YES;
				CLANG_WARN_EMPTY_BODY = YES;
				CLANG_WARN_ENUM_CONVERSION = YES;
				CLANG_WARN_INFINITE_RECURSION = YES;
				CLANG_WARN_INT_CONVERSION = YES;
				CLANG_WARN_NON_LITERAL_NULL_CONVERSION = YES;
				CLANG_WARN_OBJC_IMPLICIT_RETAIN_SELF = YES;
				CLANG_WARN_OBJC_LITERAL_CONVERSION = YES;
				CLANG_WARN_OBJC_ROOT_CLASS = YES_ERROR;
				CLANG_WARN_RANGE_LOOP_ANALYSIS = YES;
				CLANG_WARN_STRICT_PROTOTYPES = YES;
				CLANG_WARN_SUSPICIOUS_MOVE = YES;
				CLANG_WARN_UNGUARDED_AVAILABILITY = YES_AGGRESSIVE;
				CLANG_WARN_UNREACHABLE_CODE = YES;
				CLANG_WARN__DUPLICATE_METHOD_MATCH = YES;
				COPY_PHASE_STRIP = NO;
				DEBUG_INFORMATION_FORMAT = dwarf;
				ENABLE_STRICT_OBJC_MSGSEND = YES;
				ENABLE_TESTABILITY = YES;
				GCC_C_LANGUAGE_STANDARD = gnu11;
				GCC_DYNAMIC_NO_PIC = NO;
				GCC_NO_COMMON_BLOCKS = YES;
				GCC_OPTIMIZATION_LEVEL = 0;
				GCC_PREPROCESSOR_DEFINITIONS = (
					"DEBUG=1",
					"$(inherited)",
				);
				GCC_WARN_64_TO_32_BIT_CONVERSION = YES;
				GCC_WARN_ABOUT_RETURN_TYPE = YES_ERROR;
				GCC_WARN_UNDECLARED_SELECTOR = YES;
				GCC_WARN_UNINITIALIZED_AUTOS = YES_AGGRESSIVE;
				GCC_WARN_UNUSED_FUNCTION = YES;
				GCC_WARN_UNUSED_VARIABLE = YES;
				IPHONEOS_DEPLOYMENT_TARGET = 13.7;
				MTL_ENABLE_DEBUG_INFO = INCLUDE_SOURCE;
				MTL_FAST_MATH = YES;
				ONLY_ACTIVE_ARCH = YES;
				SDKROOT = iphoneos;
				SWIFT_ACTIVE_COMPILATION_CONDITIONS = DEBUG;
				SWIFT_OPTIMIZATION_LEVEL = "-Onone";
			};
			name = Debug;
		};
		861B67E4277C553000D82AA0 /* Release */ = {
			isa = XCBuildConfiguration;
			buildSettings = {
				ALWAYS_SEARCH_USER_PATHS = NO;
				CLANG_ANALYZER_NONNULL = YES;
				CLANG_ANALYZER_NUMBER_OBJECT_CONVERSION = YES_AGGRESSIVE;
				CLANG_CXX_LANGUAGE_STANDARD = "gnu++14";
				CLANG_CXX_LIBRARY = "libc++";
				CLANG_ENABLE_MODULES = YES;
				CLANG_ENABLE_OBJC_ARC = YES;
				CLANG_ENABLE_OBJC_WEAK = YES;
				CLANG_WARN_BLOCK_CAPTURE_AUTORELEASING = YES;
				CLANG_WARN_BOOL_CONVERSION = YES;
				CLANG_WARN_COMMA = YES;
				CLANG_WARN_CONSTANT_CONVERSION = YES;
				CLANG_WARN_DEPRECATED_OBJC_IMPLEMENTATIONS = YES;
				CLANG_WARN_DIRECT_OBJC_ISA_USAGE = YES_ERROR;
				CLANG_WARN_DOCUMENTATION_COMMENTS = YES;
				CLANG_WARN_EMPTY_BODY = YES;
				CLANG_WARN_ENUM_CONVERSION = YES;
				CLANG_WARN_INFINITE_RECURSION = YES;
				CLANG_WARN_INT_CONVERSION = YES;
				CLANG_WARN_NON_LITERAL_NULL_CONVERSION = YES;
				CLANG_WARN_OBJC_IMPLICIT_RETAIN_SELF = YES;
				CLANG_WARN_OBJC_LITERAL_CONVERSION = YES;
				CLANG_WARN_OBJC_ROOT_CLASS = YES_ERROR;
				CLANG_WARN_RANGE_LOOP_ANALYSIS = YES;
				CLANG_WARN_STRICT_PROTOTYPES = YES;
				CLANG_WARN_SUSPICIOUS_MOVE = YES;
				CLANG_WARN_UNGUARDED_AVAILABILITY = YES_AGGRESSIVE;
				CLANG_WARN_UNREACHABLE_CODE = YES;
				CLANG_WARN__DUPLICATE_METHOD_MATCH = YES;
				COPY_PHASE_STRIP = NO;
				DEBUG_INFORMATION_FORMAT = "dwarf-with-dsym";
				ENABLE_NS_ASSERTIONS = NO;
				ENABLE_STRICT_OBJC_MSGSEND = YES;
				GCC_C_LANGUAGE_STANDARD = gnu11;
				GCC_NO_COMMON_BLOCKS = YES;
				GCC_WARN_64_TO_32_BIT_CONVERSION = YES;
				GCC_WARN_ABOUT_RETURN_TYPE = YES_ERROR;
				GCC_WARN_UNDECLARED_SELECTOR = YES;
				GCC_WARN_UNINITIALIZED_AUTOS = YES_AGGRESSIVE;
				GCC_WARN_UNUSED_FUNCTION = YES;
				GCC_WARN_UNUSED_VARIABLE = YES;
				IPHONEOS_DEPLOYMENT_TARGET = 13.7;
				MTL_ENABLE_DEBUG_INFO = NO;
				MTL_FAST_MATH = YES;
				SDKROOT = iphoneos;
				SWIFT_COMPILATION_MODE = wholemodule;
				SWIFT_OPTIMIZATION_LEVEL = "-O";
				VALIDATE_PRODUCT = YES;
			};
			name = Release;
		};
		861B67E6277C553000D82AA0 /* Debug */ = {
			isa = XCBuildConfiguration;
			buildSettings = {
				ASSETCATALOG_COMPILER_APPICON_NAME = AppIcon;
				CODE_SIGN_STYLE = Automatic;
				DEVELOPMENT_TEAM = 94CX9AUHLL;
				INFOPLIST_FILE = "Contact App/supporting files/Info.plist";
				LD_RUNPATH_SEARCH_PATHS = (
					"$(inherited)",
					"@executable_path/Frameworks",
				);
				PRODUCT_BUNDLE_IDENTIFIER = "com..Contact-App";
				PRODUCT_NAME = "$(TARGET_NAME)";
				SWIFT_VERSION = 5.0;
				TARGETED_DEVICE_FAMILY = "1,2";
			};
			name = Debug;
		};
		861B67E7277C553000D82AA0 /* Release */ = {
			isa = XCBuildConfiguration;
			buildSettings = {
				ASSETCATALOG_COMPILER_APPICON_NAME = AppIcon;
				CODE_SIGN_STYLE = Automatic;
				DEVELOPMENT_TEAM = 94CX9AUHLL;
				INFOPLIST_FILE = "Contact App/supporting files/Info.plist";
				LD_RUNPATH_SEARCH_PATHS = (
					"$(inherited)",
					"@executable_path/Frameworks",
				);
				PRODUCT_BUNDLE_IDENTIFIER = "com..Contact-App";
				PRODUCT_NAME = "$(TARGET_NAME)";
				SWIFT_VERSION = 5.0;
				TARGETED_DEVICE_FAMILY = "1,2";
			};
			name = Release;
		};
/* End XCBuildConfiguration section */

/* Begin XCConfigurationList section */
		861B67CC277C552F00D82AA0 /* Build configuration list for PBXProject "Contact App" */ = {
			isa = XCConfigurationList;
			buildConfigurations = (
				861B67E3277C553000D82AA0 /* Debug */,
				861B67E4277C553000D82AA0 /* Release */,
			);
			defaultConfigurationIsVisible = 0;
			defaultConfigurationName = Release;
		};
		861B67E5277C553000D82AA0 /* Build configuration list for PBXNativeTarget "Contact App" */ = {
			isa = XCConfigurationList;
			buildConfigurations = (
				861B67E6277C553000D82AA0 /* Debug */,
				861B67E7277C553000D82AA0 /* Release */,
			);
			defaultConfigurationIsVisible = 0;
			defaultConfigurationName = Release;
		};
/* End XCConfigurationList section */
	};
	rootObject = 861B67C9277C552F00D82AA0 /* Project object */;
}
